
Microsoft Visual Studio Solution File, Format Version 12.00
# Visual Studio 2013
VisualStudioVersion = 12.0.31101.0
MinimumVisualStudioVersion = 10.0.40219.1
Project("{F2A71F9B-5D33-465A-A702-920D77279786}") = "FSpec", "core\FSpec.fsproj", "{3A1228A7-F39E-49FD-974C-47ABB1CABA42}"
EndProject
Project("{F2A71F9B-5D33-465A-A702-920D77279786}") = "fspec.selftests", "selftests\fspec.selftests.fsproj", "{8272D347-F66A-44F1-B5B1-BC7FE2812F47}"
EndProject
Project("{F2A71F9B-5D33-465A-A702-920D77279786}") = "FSpec.Runner", "cli\FSpec.Runner.fsproj", "{4136D8B8-C7D8-4D6B-B734-3C5809193CE1}"
EndProject
Project("{F2A71F9B-5D33-465A-A702-920D77279786}") = "FSpec.AutoFoq", "FSpec.AutoFoq\FSpec.AutoFoq.fsproj", "{555AE588-7391-4D6D-8EF0-9D249D91BCB8}"
EndProject
Project("{F2A71F9B-5D33-465A-A702-920D77279786}") = "FSpec.MbUnitWrapper", "FSpec.MbUnitWrapper\FSpec.MbUnitWrapper.fsproj", "{C5C98D42-1FFC-40AC-AC07-A9184ACC2A7D}"
EndProject
Project("{F2A71F9B-5D33-465A-A702-920D77279786}") = "FSpec.Extras.SelfTests", "FSpec.Extras.SelfTests\FSpec.Extras.SelfTests.fsproj", "{0381ACB6-20E2-434F-8832-B037E2716181}"
EndProject
Global
	GlobalSection(SolutionConfigurationPlatforms) = preSolution
		Debug|Any CPU = Debug|Any CPU
		Release|Any CPU = Release|Any CPU
	EndGlobalSection
	GlobalSection(ProjectConfigurationPlatforms) = postSolution
		{3A1228A7-F39E-49FD-974C-47ABB1CABA42}.Debug|Any CPU.ActiveCfg = Debug|Any CPU
		{3A1228A7-F39E-49FD-974C-47ABB1CABA42}.Debug|Any CPU.Build.0 = Debug|Any CPU
		{3A1228A7-F39E-49FD-974C-47ABB1CABA42}.Release|Any CPU.ActiveCfg = Release|Any CPU
		{3A1228A7-F39E-49FD-974C-47ABB1CABA42}.Release|Any CPU.Build.0 = Release|Any CPU
		{8272D347-F66A-44F1-B5B1-BC7FE2812F47}.Debug|Any CPU.ActiveCfg = Debug|Any CPU
		{8272D347-F66A-44F1-B5B1-BC7FE2812F47}.Debug|Any CPU.Build.0 = Debug|Any CPU
		{8272D347-F66A-44F1-B5B1-BC7FE2812F47}.Release|Any CPU.ActiveCfg = Release|Any CPU
		{8272D347-F66A-44F1-B5B1-BC7FE2812F47}.Release|Any CPU.Build.0 = Release|Any CPU
		{4136D8B8-C7D8-4D6B-B734-3C5809193CE1}.Debug|Any CPU.ActiveCfg = Debug|Any CPU
		{4136D8B8-C7D8-4D6B-B734-3C5809193CE1}.Debug|Any CPU.Build.0 = Debug|Any CPU
		{4136D8B8-C7D8-4D6B-B734-3C5809193CE1}.Release|Any CPU.ActiveCfg = Release|Any CPU
		{4136D8B8-C7D8-4D6B-B734-3C5809193CE1}.Release|Any CPU.Build.0 = Release|Any CPU
		{555AE588-7391-4D6D-8EF0-9D249D91BCB8}.Debug|Any CPU.ActiveCfg = Debug|Any CPU
		{555AE588-7391-4D6D-8EF0-9D249D91BCB8}.Debug|Any CPU.Build.0 = Debug|Any CPU
		{555AE588-7391-4D6D-8EF0-9D249D91BCB8}.Release|Any CPU.ActiveCfg = Release|Any CPU
		{555AE588-7391-4D6D-8EF0-9D249D91BCB8}.Release|Any CPU.Build.0 = Release|Any CPU
		{C5C98D42-1FFC-40AC-AC07-A9184ACC2A7D}.Debug|Any CPU.ActiveCfg = Debug|Any CPU
		{C5C98D42-1FFC-40AC-AC07-A9184ACC2A7D}.Debug|Any CPU.Build.0 = Debug|Any CPU
		{C5C98D42-1FFC-40AC-AC07-A9184ACC2A7D}.Release|Any CPU.ActiveCfg = Release|Any CPU
		{C5C98D42-1FFC-40AC-AC07-A9184ACC2A7D}.Release|Any CPU.Build.0 = Release|Any CPU
		{0381ACB6-20E2-434F-8832-B037E2716181}.Debug|Any CPU.ActiveCfg = Debug|Any CPU
		{0381ACB6-20E2-434F-8832-B037E2716181}.Debug|Any CPU.Build.0 = Debug|Any CPU
		{0381ACB6-20E2-434F-8832-B037E2716181}.Release|Any CPU.ActiveCfg = Release|Any CPU
		{0381ACB6-20E2-434F-8832-B037E2716181}.Release|Any CPU.Build.0 = Release|Any CPU
	EndGlobalSection
	GlobalSection(SolutionProperties) = preSolution
		HideSolutionNode = FALSE
	EndGlobalSection
EndGlobal
